// !$*UTF8*$!
{
	archiveVersion = 1;
	classes = {
	};
	objectVersion = 50;
	objects = {

/* Begin PBXBuildFile section */
		FD1EFB17264D85F4005FCB9F /* SearchBar.swift in Sources */ = {isa = PBXBuildFile; fileRef = FD1EFB16264D85F4005FCB9F /* SearchBar.swift */; };
		FD1EFB1B264D94AB005FCB9F /* RemoteImage.swift in Sources */ = {isa = PBXBuildFile; fileRef = FD1EFB1A264D94AB005FCB9F /* RemoteImage.swift */; };
		FD1EFB1D264D9D4D005FCB9F /* ImageView.swift in Sources */ = {isa = PBXBuildFile; fileRef = FD1EFB1C264D9D4D005FCB9F /* ImageView.swift */; };
		FD1EFB1F264DBCA9005FCB9F /* CardContainerView.swift in Sources */ = {isa = PBXBuildFile; fileRef = FD1EFB1E264DBCA9005FCB9F /* CardContainerView.swift */; };
		FD1EFB24264DEA44005FCB9F /* DateChanger.swift in Sources */ = {isa = PBXBuildFile; fileRef = FD1EFB23264DEA44005FCB9F /* DateChanger.swift */; };
		FD49632B264B304200AD111E /* SeatGeekChallengeApp.swift in Sources */ = {isa = PBXBuildFile; fileRef = FD49632A264B304200AD111E /* SeatGeekChallengeApp.swift */; };
		FD49632D264B304200AD111E /* ContentView.swift in Sources */ = {isa = PBXBuildFile; fileRef = FD49632C264B304200AD111E /* ContentView.swift */; };
		FD49632F264B304900AD111E /* Assets.xcassets in Resources */ = {isa = PBXBuildFile; fileRef = FD49632E264B304900AD111E /* Assets.xcassets */; };
		FD496332264B304900AD111E /* Preview Assets.xcassets in Resources */ = {isa = PBXBuildFile; fileRef = FD496331264B304900AD111E /* Preview Assets.xcassets */; };
		FD49633D264B304900AD111E /* SeatGeekChallengeTests.swift in Sources */ = {isa = PBXBuildFile; fileRef = FD49633C264B304900AD111E /* SeatGeekChallengeTests.swift */; };
		FD496348264B304900AD111E /* SeatGeekChallengeUITests.swift in Sources */ = {isa = PBXBuildFile; fileRef = FD496347264B304900AD111E /* SeatGeekChallengeUITests.swift */; };
		FD49635B264B318700AD111E /* SearchCardView.swift in Sources */ = {isa = PBXBuildFile; fileRef = FD49635A264B318700AD111E /* SearchCardView.swift */; };
		FD49635D264B319B00AD111E /* DetailsCardView.swift in Sources */ = {isa = PBXBuildFile; fileRef = FD49635C264B319B00AD111E /* DetailsCardView.swift */; };
		FD496362264B421F00AD111E /* Event.swift in Sources */ = {isa = PBXBuildFile; fileRef = FD496361264B421F00AD111E /* Event.swift */; };
		FD56A47A264C8CC8001DFE85 /* ApiCall.swift in Sources */ = {isa = PBXBuildFile; fileRef = FD56A479264C8CC8001DFE85 /* ApiCall.swift */; };
		FDD914C1264E419700BCEE9C /* Main.xcdatamodeld in Sources */ = {isa = PBXBuildFile; fileRef = FDD914BF264E419700BCEE9C /* Main.xcdatamodeld */; };
		FDD914C3264E425000BCEE9C /* PersistenceController.swift in Sources */ = {isa = PBXBuildFile; fileRef = FDD914C2264E425000BCEE9C /* PersistenceController.swift */; };
/* End PBXBuildFile section */

/* Begin PBXContainerItemProxy section */
		FD496339264B304900AD111E /* PBXContainerItemProxy */ = {
			isa = PBXContainerItemProxy;
			containerPortal = FD49631F264B304200AD111E /* Project object */;
			proxyType = 1;
			remoteGlobalIDString = FD496326264B304200AD111E;
			remoteInfo = SeatGeekChallenge;
		};
		FD496344264B304900AD111E /* PBXContainerItemProxy */ = {
			isa = PBXContainerItemProxy;
			containerPortal = FD49631F264B304200AD111E /* Project object */;
			proxyType = 1;
			remoteGlobalIDString = FD496326264B304200AD111E;
			remoteInfo = SeatGeekChallenge;
		};
/* End PBXContainerItemProxy section */

/* Begin PBXFileReference section */
		FD1EFB16264D85F4005FCB9F /* SearchBar.swift */ = {isa = PBXFileReference; lastKnownFileType = sourcecode.swift; path = SearchBar.swift; sourceTree = "<group>"; };
		FD1EFB1A264D94AB005FCB9F /* RemoteImage.swift */ = {isa = PBXFileReference; lastKnownFileType = sourcecode.swift; path = RemoteImage.swift; sourceTree = "<group>"; };
		FD1EFB1C264D9D4D005FCB9F /* ImageView.swift */ = {isa = PBXFileReference; lastKnownFileType = sourcecode.swift; path = ImageView.swift; sourceTree = "<group>"; };
		FD1EFB1E264DBCA9005FCB9F /* CardContainerView.swift */ = {isa = PBXFileReference; lastKnownFileType = sourcecode.swift; path = CardContainerView.swift; sourceTree = "<group>"; };
		FD1EFB23264DEA44005FCB9F /* DateChanger.swift */ = {isa = PBXFileReference; lastKnownFileType = sourcecode.swift; path = DateChanger.swift; sourceTree = "<group>"; };
		FD496327264B304200AD111E /* SeatGeekChallenge.app */ = {isa = PBXFileReference; explicitFileType = wrapper.application; includeInIndex = 0; path = SeatGeekChallenge.app; sourceTree = BUILT_PRODUCTS_DIR; };
		FD49632A264B304200AD111E /* SeatGeekChallengeApp.swift */ = {isa = PBXFileReference; lastKnownFileType = sourcecode.swift; path = SeatGeekChallengeApp.swift; sourceTree = "<group>"; };
		FD49632C264B304200AD111E /* ContentView.swift */ = {isa = PBXFileReference; lastKnownFileType = sourcecode.swift; path = ContentView.swift; sourceTree = "<group>"; };
		FD49632E264B304900AD111E /* Assets.xcassets */ = {isa = PBXFileReference; lastKnownFileType = folder.assetcatalog; path = Assets.xcassets; sourceTree = "<group>"; };
		FD496331264B304900AD111E /* Preview Assets.xcassets */ = {isa = PBXFileReference; lastKnownFileType = folder.assetcatalog; path = "Preview Assets.xcassets"; sourceTree = "<group>"; };
		FD496333264B304900AD111E /* Info.plist */ = {isa = PBXFileReference; lastKnownFileType = text.plist.xml; path = Info.plist; sourceTree = "<group>"; };
		FD496338264B304900AD111E /* SeatGeekChallengeTests.xctest */ = {isa = PBXFileReference; explicitFileType = wrapper.cfbundle; includeInIndex = 0; path = SeatGeekChallengeTests.xctest; sourceTree = BUILT_PRODUCTS_DIR; };
		FD49633C264B304900AD111E /* SeatGeekChallengeTests.swift */ = {isa = PBXFileReference; lastKnownFileType = sourcecode.swift; path = SeatGeekChallengeTests.swift; sourceTree = "<group>"; };
		FD49633E264B304900AD111E /* Info.plist */ = {isa = PBXFileReference; lastKnownFileType = text.plist.xml; path = Info.plist; sourceTree = "<group>"; };
		FD496343264B304900AD111E /* SeatGeekChallengeUITests.xctest */ = {isa = PBXFileReference; explicitFileType = wrapper.cfbundle; includeInIndex = 0; path = SeatGeekChallengeUITests.xctest; sourceTree = BUILT_PRODUCTS_DIR; };
		FD496347264B304900AD111E /* SeatGeekChallengeUITests.swift */ = {isa = PBXFileReference; lastKnownFileType = sourcecode.swift; path = SeatGeekChallengeUITests.swift; sourceTree = "<group>"; };
		FD496349264B304900AD111E /* Info.plist */ = {isa = PBXFileReference; lastKnownFileType = text.plist.xml; path = Info.plist; sourceTree = "<group>"; };
		FD49635A264B318700AD111E /* SearchCardView.swift */ = {isa = PBXFileReference; lastKnownFileType = sourcecode.swift; path = SearchCardView.swift; sourceTree = "<group>"; };
		FD49635C264B319B00AD111E /* DetailsCardView.swift */ = {isa = PBXFileReference; lastKnownFileType = sourcecode.swift; path = DetailsCardView.swift; sourceTree = "<group>"; };
		FD496361264B421F00AD111E /* Event.swift */ = {isa = PBXFileReference; lastKnownFileType = sourcecode.swift; path = Event.swift; sourceTree = "<group>"; };
		FD56A479264C8CC8001DFE85 /* ApiCall.swift */ = {isa = PBXFileReference; lastKnownFileType = sourcecode.swift; path = ApiCall.swift; sourceTree = "<group>"; };
		FDD914C0264E419700BCEE9C /* Main.xcdatamodel */ = {isa = PBXFileReference; lastKnownFileType = wrapper.xcdatamodel; path = Main.xcdatamodel; sourceTree = "<group>"; };
		FDD914C2264E425000BCEE9C /* PersistenceController.swift */ = {isa = PBXFileReference; lastKnownFileType = sourcecode.swift; path = PersistenceController.swift; sourceTree = "<group>"; };
/* End PBXFileReference section */

/* Begin PBXFrameworksBuildPhase section */
		FD496324264B304200AD111E /* Frameworks */ = {
			isa = PBXFrameworksBuildPhase;
			buildActionMask = 2147483647;
			files = (
			);
			runOnlyForDeploymentPostprocessing = 0;
		};
		FD496335264B304900AD111E /* Frameworks */ = {
			isa = PBXFrameworksBuildPhase;
			buildActionMask = 2147483647;
			files = (
			);
			runOnlyForDeploymentPostprocessing = 0;
		};
		FD496340264B304900AD111E /* Frameworks */ = {
			isa = PBXFrameworksBuildPhase;
			buildActionMask = 2147483647;
			files = (
			);
			runOnlyForDeploymentPostprocessing = 0;
		};
/* End PBXFrameworksBuildPhase section */

/* Begin PBXGroup section */
		FD1EFB20264DC32C005FCB9F /* Helpers */ = {
			isa = PBXGroup;
			children = (
				FD1EFB23264DEA44005FCB9F /* DateChanger.swift */,
			);
			path = Helpers;
			sourceTree = "<group>";
		};
		FD49631E264B304200AD111E = {
			isa = PBXGroup;
			children = (
				FD496329264B304200AD111E /* SeatGeekChallenge */,
				FD49633B264B304900AD111E /* SeatGeekChallengeTests */,
				FD496346264B304900AD111E /* SeatGeekChallengeUITests */,
				FD496328264B304200AD111E /* Products */,
			);
			sourceTree = "<group>";
		};
		FD496328264B304200AD111E /* Products */ = {
			isa = PBXGroup;
			children = (
				FD496327264B304200AD111E /* SeatGeekChallenge.app */,
				FD496338264B304900AD111E /* SeatGeekChallengeTests.xctest */,
				FD496343264B304900AD111E /* SeatGeekChallengeUITests.xctest */,
			);
			name = Products;
			sourceTree = "<group>";
		};
		FD496329264B304200AD111E /* SeatGeekChallenge */ = {
			isa = PBXGroup;
			children = (
				FD1EFB20264DC32C005FCB9F /* Helpers */,
				FD49635E264B40EB00AD111E /* Data */,
				FD496358264B30BE00AD111E /* Utilities */,
				FD496357264B308E00AD111E /* Models */,
				FD496356264B308300AD111E /* Views */,
				FD496355264B307700AD111E /* App */,
				FD496330264B304900AD111E /* Preview Content */,
			);
			path = SeatGeekChallenge;
			sourceTree = "<group>";
		};
		FD496330264B304900AD111E /* Preview Content */ = {
			isa = PBXGroup;
			children = (
				FD496331264B304900AD111E /* Preview Assets.xcassets */,
			);
			path = "Preview Content";
			sourceTree = "<group>";
		};
		FD49633B264B304900AD111E /* SeatGeekChallengeTests */ = {
			isa = PBXGroup;
			children = (
				FD49633C264B304900AD111E /* SeatGeekChallengeTests.swift */,
				FD49633E264B304900AD111E /* Info.plist */,
			);
			path = SeatGeekChallengeTests;
			sourceTree = "<group>";
		};
		FD496346264B304900AD111E /* SeatGeekChallengeUITests */ = {
			isa = PBXGroup;
			children = (
				FD496347264B304900AD111E /* SeatGeekChallengeUITests.swift */,
				FD496349264B304900AD111E /* Info.plist */,
			);
			path = SeatGeekChallengeUITests;
			sourceTree = "<group>";
		};
		FD496355264B307700AD111E /* App */ = {
			isa = PBXGroup;
			children = (
				FD49632A264B304200AD111E /* SeatGeekChallengeApp.swift */,
				FDD914C2264E425000BCEE9C /* PersistenceController.swift */,
			);
			path = App;
			sourceTree = "<group>";
		};
		FD496356264B308300AD111E /* Views */ = {
			isa = PBXGroup;
			children = (
				FD496359264B316000AD111E /* CardViews */,
				FD49632C264B304200AD111E /* ContentView.swift */,
				FD1EFB16264D85F4005FCB9F /* SearchBar.swift */,
				FD1EFB1E264DBCA9005FCB9F /* CardContainerView.swift */,
			);
			path = Views;
			sourceTree = "<group>";
		};
		FD496357264B308E00AD111E /* Models */ = {
			isa = PBXGroup;
			children = (
				FD496361264B421F00AD111E /* Event.swift */,
			);
			path = Models;
			sourceTree = "<group>";
		};
		FD496358264B30BE00AD111E /* Utilities */ = {
			isa = PBXGroup;
			children = (
				FD49632E264B304900AD111E /* Assets.xcassets */,
				FD496333264B304900AD111E /* Info.plist */,
			);
			path = Utilities;
			sourceTree = "<group>";
		};
		FD496359264B316000AD111E /* CardViews */ = {
			isa = PBXGroup;
			children = (
				FD49635A264B318700AD111E /* SearchCardView.swift */,
				FD49635C264B319B00AD111E /* DetailsCardView.swift */,
				FD1EFB1C264D9D4D005FCB9F /* ImageView.swift */,
			);
			path = CardViews;
			sourceTree = "<group>";
		};
		FD49635E264B40EB00AD111E /* Data */ = {
			isa = PBXGroup;
			children = (
				FD56A479264C8CC8001DFE85 /* ApiCall.swift */,
				FD1EFB1A264D94AB005FCB9F /* RemoteImage.swift */,
				FDD914BF264E419700BCEE9C /* Main.xcdatamodeld */,
			);
			path = Data;
			sourceTree = "<group>";
		};
/* End PBXGroup section */

/* Begin PBXNativeTarget section */
		FD496326264B304200AD111E /* SeatGeekChallenge */ = {
			isa = PBXNativeTarget;
			buildConfigurationList = FD49634C264B304900AD111E /* Build configuration list for PBXNativeTarget "SeatGeekChallenge" */;
			buildPhases = (
				FD496323264B304200AD111E /* Sources */,
				FD496324264B304200AD111E /* Frameworks */,
				FD496325264B304200AD111E /* Resources */,
			);
			buildRules = (
			);
			dependencies = (
			);
			name = SeatGeekChallenge;
			productName = SeatGeekChallenge;
			productReference = FD496327264B304200AD111E /* SeatGeekChallenge.app */;
			productType = "com.apple.product-type.application";
		};
		FD496337264B304900AD111E /* SeatGeekChallengeTests */ = {
			isa = PBXNativeTarget;
			buildConfigurationList = FD49634F264B304900AD111E /* Build configuration list for PBXNativeTarget "SeatGeekChallengeTests" */;
			buildPhases = (
				FD496334264B304900AD111E /* Sources */,
				FD496335264B304900AD111E /* Frameworks */,
				FD496336264B304900AD111E /* Resources */,
			);
			buildRules = (
			);
			dependencies = (
				FD49633A264B304900AD111E /* PBXTargetDependency */,
			);
			name = SeatGeekChallengeTests;
			productName = SeatGeekChallengeTests;
			productReference = FD496338264B304900AD111E /* SeatGeekChallengeTests.xctest */;
			productType = "com.apple.product-type.bundle.unit-test";
		};
		FD496342264B304900AD111E /* SeatGeekChallengeUITests */ = {
			isa = PBXNativeTarget;
			buildConfigurationList = FD496352264B304900AD111E /* Build configuration list for PBXNativeTarget "SeatGeekChallengeUITests" */;
			buildPhases = (
				FD49633F264B304900AD111E /* Sources */,
				FD496340264B304900AD111E /* Frameworks */,
				FD496341264B304900AD111E /* Resources */,
			);
			buildRules = (
			);
			dependencies = (
				FD496345264B304900AD111E /* PBXTargetDependency */,
			);
			name = SeatGeekChallengeUITests;
			productName = SeatGeekChallengeUITests;
			productReference = FD496343264B304900AD111E /* SeatGeekChallengeUITests.xctest */;
			productType = "com.apple.product-type.bundle.ui-testing";
		};
/* End PBXNativeTarget section */

/* Begin PBXProject section */
		FD49631F264B304200AD111E /* Project object */ = {
			isa = PBXProject;
			attributes = {
				LastSwiftUpdateCheck = 1250;
				LastUpgradeCheck = 1250;
				TargetAttributes = {
					FD496326264B304200AD111E = {
						CreatedOnToolsVersion = 12.5;
					};
					FD496337264B304900AD111E = {
						CreatedOnToolsVersion = 12.5;
						TestTargetID = FD496326264B304200AD111E;
					};
					FD496342264B304900AD111E = {
						CreatedOnToolsVersion = 12.5;
						TestTargetID = FD496326264B304200AD111E;
					};
				};
			};
			buildConfigurationList = FD496322264B304200AD111E /* Build configuration list for PBXProject "SeatGeekChallenge" */;
			compatibilityVersion = "Xcode 9.3";
			developmentRegion = en;
			hasScannedForEncodings = 0;
			knownRegions = (
				en,
				Base,
			);
			mainGroup = FD49631E264B304200AD111E;
			productRefGroup = FD496328264B304200AD111E /* Products */;
			projectDirPath = "";
			projectRoot = "";
			targets = (
				FD496326264B304200AD111E /* SeatGeekChallenge */,
				FD496337264B304900AD111E /* SeatGeekChallengeTests */,
				FD496342264B304900AD111E /* SeatGeekChallengeUITests */,
			);
		};
/* End PBXProject section */

/* Begin PBXResourcesBuildPhase section */
		FD496325264B304200AD111E /* Resources */ = {
			isa = PBXResourcesBuildPhase;
			buildActionMask = 2147483647;
			files = (
				FD496332264B304900AD111E /* Preview Assets.xcassets in Resources */,
				FD49632F264B304900AD111E /* Assets.xcassets in Resources */,
			);
			runOnlyForDeploymentPostprocessing = 0;
		};
		FD496336264B304900AD111E /* Resources */ = {
			isa = PBXResourcesBuildPhase;
			buildActionMask = 2147483647;
			files = (
			);
			runOnlyForDeploymentPostprocessing = 0;
		};
		FD496341264B304900AD111E /* Resources */ = {
			isa = PBXResourcesBuildPhase;
			buildActionMask = 2147483647;
			files = (
			);
			runOnlyForDeploymentPostprocessing = 0;
		};
/* End PBXResourcesBuildPhase section */

/* Begin PBXSourcesBuildPhase section */
		FD496323264B304200AD111E /* Sources */ = {
			isa = PBXSourcesBuildPhase;
			buildActionMask = 2147483647;
			files = (
				FD496362264B421F00AD111E /* Event.swift in Sources */,
				FD49632D264B304200AD111E /* ContentView.swift in Sources */,
				FD1EFB1F264DBCA9005FCB9F /* CardContainerView.swift in Sources */,
				FD49632B264B304200AD111E /* SeatGeekChallengeApp.swift in Sources */,
				FD1EFB1B264D94AB005FCB9F /* RemoteImage.swift in Sources */,
				FD49635B264B318700AD111E /* SearchCardView.swift in Sources */,
				FDD914C1264E419700BCEE9C /* Main.xcdatamodeld in Sources */,
				FD1EFB17264D85F4005FCB9F /* SearchBar.swift in Sources */,
				FD1EFB1D264D9D4D005FCB9F /* ImageView.swift in Sources */,
				FD56A47A264C8CC8001DFE85 /* ApiCall.swift in Sources */,
				FDD914C3264E425000BCEE9C /* PersistenceController.swift in Sources */,
				FD1EFB24264DEA44005FCB9F /* DateChanger.swift in Sources */,
				FD49635D264B319B00AD111E /* DetailsCardView.swift in Sources */,
			);
			runOnlyForDeploymentPostprocessing = 0;
		};
		FD496334264B304900AD111E /* Sources */ = {
			isa = PBXSourcesBuildPhase;
			buildActionMask = 2147483647;
			files = (
				FD49633D264B304900AD111E /* SeatGeekChallengeTests.swift in Sources */,
			);
			runOnlyForDeploymentPostprocessing = 0;
		};
		FD49633F264B304900AD111E /* Sources */ = {
			isa = PBXSourcesBuildPhase;
			buildActionMask = 2147483647;
			files = (
				FD496348264B304900AD111E /* SeatGeekChallengeUITests.swift in Sources */,
			);
			runOnlyForDeploymentPostprocessing = 0;
		};
/* End PBXSourcesBuildPhase section */

/* Begin PBXTargetDependency section */
		FD49633A264B304900AD111E /* PBXTargetDependency */ = {
			isa = PBXTargetDependency;
			target = FD496326264B304200AD111E /* SeatGeekChallenge */;
			targetProxy = FD496339264B304900AD111E /* PBXContainerItemProxy */;
		};
		FD496345264B304900AD111E /* PBXTargetDependency */ = {
			isa = PBXTargetDependency;
			target = FD496326264B304200AD111E /* SeatGeekChallenge */;
			targetProxy = FD496344264B304900AD111E /* PBXContainerItemProxy */;
		};
/* End PBXTargetDependency section */

/* Begin XCBuildConfiguration section */
		FD49634A264B304900AD111E /* Debug */ = {
			isa = XCBuildConfiguration;
			buildSettings = {
				ALWAYS_SEARCH_USER_PATHS = NO;
				CLANG_ANALYZER_NONNULL = YES;
				CLANG_ANALYZER_NUMBER_OBJECT_CONVERSION = YES_AGGRESSIVE;
				CLANG_CXX_LANGUAGE_STANDARD = "gnu++14";
				CLANG_CXX_LIBRARY = "libc++";
				CLANG_ENABLE_MODULES = YES;
				CLANG_ENABLE_OBJC_ARC = YES;
				CLANG_ENABLE_OBJC_WEAK = YES;
				CLANG_WARN_BLOCK_CAPTURE_AUTORELEASING = YES;
				CLANG_WARN_BOOL_CONVERSION = YES;
				CLANG_WARN_COMMA = YES;
				CLANG_WARN_CONSTANT_CONVERSION = YES;
				CLANG_WARN_DEPRECATED_OBJC_IMPLEMENTATIONS = YES;
				CLANG_WARN_DIRECT_OBJC_ISA_USAGE = YES_ERROR;
				CLANG_WARN_DOCUMENTATION_COMMENTS = YES;
				CLANG_WARN_EMPTY_BODY = YES;
				CLANG_WARN_ENUM_CONVERSION = YES;
				CLANG_WARN_INFINITE_RECURSION = YES;
				CLANG_WARN_INT_CONVERSION = YES;
				CLANG_WARN_NON_LITERAL_NULL_CONVERSION = YES;
				CLANG_WARN_OBJC_IMPLICIT_RETAIN_SELF = YES;
				CLANG_WARN_OBJC_LITERAL_CONVERSION = YES;
				CLANG_WARN_OBJC_ROOT_CLASS = YES_ERROR;
				CLANG_WARN_QUOTED_INCLUDE_IN_FRAMEWORK_HEADER = YES;
				CLANG_WARN_RANGE_LOOP_ANALYSIS = YES;
				CLANG_WARN_STRICT_PROTOTYPES = YES;
				CLANG_WARN_SUSPICIOUS_MOVE = YES;
				CLANG_WARN_UNGUARDED_AVAILABILITY = YES_AGGRESSIVE;
				CLANG_WARN_UNREACHABLE_CODE = YES;
				CLANG_WARN__DUPLICATE_METHOD_MATCH = YES;
				COPY_PHASE_STRIP = NO;
				DEBUG_INFORMATION_FORMAT = dwarf;
				ENABLE_STRICT_OBJC_MSGSEND = YES;
				ENABLE_TESTABILITY = YES;
				GCC_C_LANGUAGE_STANDARD = gnu11;
				GCC_DYNAMIC_NO_PIC = NO;
				GCC_NO_COMMON_BLOCKS = YES;
				GCC_OPTIMIZATION_LEVEL = 0;
				GCC_PREPROCESSOR_DEFINITIONS = (
					"DEBUG=1",
					"$(inherited)",
				);
				GCC_WARN_64_TO_32_BIT_CONVERSION = YES;
				GCC_WARN_ABOUT_RETURN_TYPE = YES_ERROR;
				GCC_WARN_UNDECLARED_SELECTOR = YES;
				GCC_WARN_UNINITIALIZED_AUTOS = YES_AGGRESSIVE;
				GCC_WARN_UNUSED_FUNCTION = YES;
				GCC_WARN_UNUSED_VARIABLE = YES;
				IPHONEOS_DEPLOYMENT_TARGET = 14.4;
				MTL_ENABLE_DEBUG_INFO = INCLUDE_SOURCE;
				MTL_FAST_MATH = YES;
				ONLY_ACTIVE_ARCH = YES;
				SDKROOT = iphoneos;
				SWIFT_ACTIVE_COMPILATION_CONDITIONS = DEBUG;
				SWIFT_OPTIMIZATION_LEVEL = "-Onone";
			};
			name = Debug;
		};
		FD49634B264B304900AD111E /* Release */ = {
			isa = XCBuildConfiguration;
			buildSettings = {
				ALWAYS_SEARCH_USER_PATHS = NO;
				CLANG_ANALYZER_NONNULL = YES;
				CLANG_ANALYZER_NUMBER_OBJECT_CONVERSION = YES_AGGRESSIVE;
				CLANG_CXX_LANGUAGE_STANDARD = "gnu++14";
				CLANG_CXX_LIBRARY = "libc++";
				CLANG_ENABLE_MODULES = YES;
				CLANG_ENABLE_OBJC_ARC = YES;
				CLANG_ENABLE_OBJC_WEAK = YES;
				CLANG_WARN_BLOCK_CAPTURE_AUTORELEASING = YES;
				CLANG_WARN_BOOL_CONVERSION = YES;
				CLANG_WARN_COMMA = YES;
				CLANG_WARN_CONSTANT_CONVERSION = YES;
				CLANG_WARN_DEPRECATED_OBJC_IMPLEMENTATIONS = YES;
				CLANG_WARN_DIRECT_OBJC_ISA_USAGE = YES_ERROR;
				CLANG_WARN_DOCUMENTATION_COMMENTS = YES;
				CLANG_WARN_EMPTY_BODY = YES;
				CLANG_WARN_ENUM_CONVERSION = YES;
				CLANG_WARN_INFINITE_RECURSION = YES;
				CLANG_WARN_INT_CONVERSION = YES;
				CLANG_WARN_NON_LITERAL_NULL_CONVERSION = YES;
				CLANG_WARN_OBJC_IMPLICIT_RETAIN_SELF = YES;
				CLANG_WARN_OBJC_LITERAL_CONVERSION = YES;
				CLANG_WARN_OBJC_ROOT_CLASS = YES_ERROR;
				CLANG_WARN_QUOTED_INCLUDE_IN_FRAMEWORK_HEADER = YES;
				CLANG_WARN_RANGE_LOOP_ANALYSIS = YES;
				CLANG_WARN_STRICT_PROTOTYPES = YES;
				CLANG_WARN_SUSPICIOUS_MOVE = YES;
				CLANG_WARN_UNGUARDED_AVAILABILITY = YES_AGGRESSIVE;
				CLANG_WARN_UNREACHABLE_CODE = YES;
				CLANG_WARN__DUPLICATE_METHOD_MATCH = YES;
				COPY_PHASE_STRIP = NO;
				DEBUG_INFORMATION_FORMAT = "dwarf-with-dsym";
				ENABLE_NS_ASSERTIONS = NO;
				ENABLE_STRICT_OBJC_MSGSEND = YES;
				GCC_C_LANGUAGE_STANDARD = gnu11;
				GCC_NO_COMMON_BLOCKS = YES;
				GCC_WARN_64_TO_32_BIT_CONVERSION = YES;
				GCC_WARN_ABOUT_RETURN_TYPE = YES_ERROR;
				GCC_WARN_UNDECLARED_SELECTOR = YES;
				GCC_WARN_UNINITIALIZED_AUTOS = YES_AGGRESSIVE;
				GCC_WARN_UNUSED_FUNCTION = YES;
				GCC_WARN_UNUSED_VARIABLE = YES;
				IPHONEOS_DEPLOYMENT_TARGET = 14.4;
				MTL_ENABLE_DEBUG_INFO = NO;
				MTL_FAST_MATH = YES;
				SDKROOT = iphoneos;
				SWIFT_COMPILATION_MODE = wholemodule;
				SWIFT_OPTIMIZATION_LEVEL = "-O";
				VALIDATE_PRODUCT = YES;
			};
			name = Release;
		};
		FD49634D264B304900AD111E /* Debug */ = {
			isa = XCBuildConfiguration;
			buildSettings = {
				ASSETCATALOG_COMPILER_APPICON_NAME = AppIcon;
				ASSETCATALOG_COMPILER_GLOBAL_ACCENT_COLOR_NAME = AccentColor;
				CODE_SIGN_STYLE = Automatic;
				DEVELOPMENT_ASSET_PATHS = "\"SeatGeekChallenge/Preview Content\"";
				DEVELOPMENT_TEAM = 772G68LLWQ;
				ENABLE_PREVIEWS = YES;
				INFOPLIST_FILE = SeatGeekChallenge/Utilities/Info.plist;
				IPHONEOS_DEPLOYMENT_TARGET = 14.0;
				LD_RUNPATH_SEARCH_PATHS = (
					"$(inherited)",
					"@executable_path/Frameworks",
				);
				PRODUCT_BUNDLE_IDENTIFIER = com.ronniejoubert.SeatGeekChallenge;
				PRODUCT_NAME = "$(TARGET_NAME)";
				SWIFT_VERSION = 5.0;
				TARGETED_DEVICE_FAMILY = "1,2";
			};
			name = Debug;
		};
		FD49634E264B304900AD111E /* Release */ = {
			isa = XCBuildConfiguration;
			buildSettings = {
				ASSETCATALOG_COMPILER_APPICON_NAME = AppIcon;
				ASSETCATALOG_COMPILER_GLOBAL_ACCENT_COLOR_NAME = AccentColor;
				CODE_SIGN_STYLE = Automatic;
				DEVELOPMENT_ASSET_PATHS = "\"SeatGeekChallenge/Preview Content\"";
				DEVELOPMENT_TEAM = 772G68LLWQ;
				ENABLE_PREVIEWS = YES;
				INFOPLIST_FILE = SeatGeekChallenge/Utilities/Info.plist;
				IPHONEOS_DEPLOYMENT_TARGET = 14.0;
				LD_RUNPATH_SEARCH_PATHS = (
					"$(inherited)",
					"@executable_path/Frameworks",
				);
				PRODUCT_BUNDLE_IDENTIFIER = com.ronniejoubert.SeatGeekChallenge;
				PRODUCT_NAME = "$(TARGET_NAME)";
				SWIFT_VERSION = 5.0;
				TARGETED_DEVICE_FAMILY = "1,2";
			};
			name = Release;
		};
		FD496350264B304900AD111E /* Debug */ = {
			isa = XCBuildConfiguration;
			buildSettings = {
				ALWAYS_EMBED_SWIFT_STANDARD_LIBRARIES = YES;
				BUNDLE_LOADER = "$(TEST_HOST)";
				CODE_SIGN_STYLE = Automatic;
				DEVELOPMENT_TEAM = 772G68LLWQ;
				INFOPLIST_FILE = SeatGeekChallengeTests/Info.plist;
				IPHONEOS_DEPLOYMENT_TARGET = 14.0;
				LD_RUNPATH_SEARCH_PATHS = (
					"$(inherited)",
					"@executable_path/Frameworks",
					"@loader_path/Frameworks",
				);
				PRODUCT_BUNDLE_IDENTIFIER = com.ronniejoubert.SeatGeekChallengeTests;
				PRODUCT_NAME = "$(TARGET_NAME)";
				SWIFT_VERSION = 5.0;
				TARGETED_DEVICE_FAMILY = "1,2";
				TEST_HOST = "$(BUILT_PRODUCTS_DIR)/SeatGeekChallenge.app/SeatGeekChallenge";
			};
			name = Debug;
		};
		FD496351264B304900AD111E /* Release */ = {
			isa = XCBuildConfiguration;
			buildSettings = {
				ALWAYS_EMBED_SWIFT_STANDARD_LIBRARIES = YES;
				BUNDLE_LOADER = "$(TEST_HOST)";
				CODE_SIGN_STYLE = Automatic;
				DEVELOPMENT_TEAM = 772G68LLWQ;
				INFOPLIST_FILE = SeatGeekChallengeTests/Info.plist;
				IPHONEOS_DEPLOYMENT_TARGET = 14.0;
				LD_RUNPATH_SEARCH_PATHS = (
					"$(inherited)",
					"@executable_path/Frameworks",
					"@loader_path/Frameworks",
				);
				PRODUCT_BUNDLE_IDENTIFIER = com.ronniejoubert.SeatGeekChallengeTests;
				PRODUCT_NAME = "$(TARGET_NAME)";
				SWIFT_VERSION = 5.0;
				TARGETED_DEVICE_FAMILY = "1,2";
				TEST_HOST = "$(BUILT_PRODUCTS_DIR)/SeatGeekChallenge.app/SeatGeekChallenge";
			};
			name = Release;
		};
		FD496353264B304900AD111E /* Debug */ = {
			isa = XCBuildConfiguration;
			buildSettings = {
				ALWAYS_EMBED_SWIFT_STANDARD_LIBRARIES = YES;
				CODE_SIGN_STYLE = Automatic;
				DEVELOPMENT_TEAM = 772G68LLWQ;
				INFOPLIST_FILE = SeatGeekChallengeUITests/Info.plist;
				LD_RUNPATH_SEARCH_PATHS = (
					"$(inherited)",
					"@executable_path/Frameworks",
					"@loader_path/Frameworks",
				);
				PRODUCT_BUNDLE_IDENTIFIER = com.ronniejoubert.SeatGeekChallengeUITests;
				PRODUCT_NAME = "$(TARGET_NAME)";
				SWIFT_VERSION = 5.0;
				TARGETED_DEVICE_FAMILY = "1,2";
				TEST_TARGET_NAME = SeatGeekChallenge;
			};
			name = Debug;
		};
		FD496354264B304900AD111E /* Release */ = {
			isa = XCBuildConfiguration;
			buildSettings = {
				ALWAYS_EMBED_SWIFT_STANDARD_LIBRARIES = YES;
				CODE_SIGN_STYLE = Automatic;
				DEVELOPMENT_TEAM = 772G68LLWQ;
				INFOPLIST_FILE = SeatGeekChallengeUITests/Info.plist;
				LD_RUNPATH_SEARCH_PATHS = (
					"$(inherited)",
					"@executable_path/Frameworks",
					"@loader_path/Frameworks",
				);
				PRODUCT_BUNDLE_IDENTIFIER = com.ronniejoubert.SeatGeekChallengeUITests;
				PRODUCT_NAME = "$(TARGET_NAME)";
				SWIFT_VERSION = 5.0;
				TARGETED_DEVICE_FAMILY = "1,2";
				TEST_TARGET_NAME = SeatGeekChallenge;
			};
			name = Release;
		};
/* End XCBuildConfiguration section */

/* Begin XCConfigurationList section */
		FD496322264B304200AD111E /* Build configuration list for PBXProject "SeatGeekChallenge" */ = {
			isa = XCConfigurationList;
			buildConfigurations = (
				FD49634A264B304900AD111E /* Debug */,
				FD49634B264B304900AD111E /* Release */,
			);
			defaultConfigurationIsVisible = 0;
			defaultConfigurationName = Release;
		};
		FD49634C264B304900AD111E /* Build configuration list for PBXNativeTarget "SeatGeekChallenge" */ = {
			isa = XCConfigurationList;
			buildConfigurations = (
				FD49634D264B304900AD111E /* Debug */,
				FD49634E264B304900AD111E /* Release */,
			);
			defaultConfigurationIsVisible = 0;
			defaultConfigurationName = Release;
		};
		FD49634F264B304900AD111E /* Build configuration list for PBXNativeTarget "SeatGeekChallengeTests" */ = {
			isa = XCConfigurationList;
			buildConfigurations = (
				FD496350264B304900AD111E /* Debug */,
				FD496351264B304900AD111E /* Release */,
			);
			defaultConfigurationIsVisible = 0;
			defaultConfigurationName = Release;
		};
		FD496352264B304900AD111E /* Build configuration list for PBXNativeTarget "SeatGeekChallengeUITests" */ = {
			isa = XCConfigurationList;
			buildConfigurations = (
				FD496353264B304900AD111E /* Debug */,
				FD496354264B304900AD111E /* Release */,
			);
			defaultConfigurationIsVisible = 0;
			defaultConfigurationName = Release;
		};
/* End XCConfigurationList section */

/* Begin XCVersionGroup section */
		FDD914BF264E419700BCEE9C /* Main.xcdatamodeld */ = {
			isa = XCVersionGroup;
			children = (
				FDD914C0264E419700BCEE9C /* Main.xcdatamodel */,
			);
			currentVersion = FDD914C0264E419700BCEE9C /* Main.xcdatamodel */;
			path = Main.xcdatamodeld;
			sourceTree = "<group>";
			versionGroupType = wrapper.xcdatamodel;
		};
/* End XCVersionGroup section */
	};
	rootObject = FD49631F264B304200AD111E /* Project object */;
}
